{
  "name": "editorjs",
  "version": "0.0.0",
  "lockfileVersion": 2,
  "requires": true,
  "packages": {
    "": {
      "name": "editorjs",
      "version": "0.0.0",
      "dependencies": {
        "@editorjs/checklist": "^1.5.0",
        "@editorjs/code": "^2.8.0",
        "@editorjs/editorjs": "^2.28.0",
        "@editorjs/header": "^2.7.0",
        "@editorjs/list": "^1.8.0",
        "@editorjs/quote": "^2.5.0",
        "@editorjs/table": "^2.2.2"
      },
      "devDependencies": {
        "editorjs-text-color-plugin": "^2.0.4",
        "vite": "^4.4.5"
      }
    },
    "node_modules/@codexteam/icons": {
      "version": "0.0.5",
      "resolved": "https://registry.npmjs.org/@codexteam/icons/-/icons-0.0.5.tgz",
      "integrity": "sha512-s6H2KXhLz2rgbMZSkRm8dsMJvyUNZsEjxobBEg9ztdrb1B2H3pEzY6iTwI4XUPJWJ3c3qRKwV4TrO3J5jUdoQA==",
      "license": "MIT"
    },
    "node_modules/@editorjs/checklist": {
      "version": "1.5.0",
      "resolved": "https://registry.npmjs.org/@editorjs/checklist/-/checklist-1.5.0.tgz",
      "integrity": "sha512-2QUKDvLmtOFDaQLX6C+D9A4hIGBhsYwZW+60fOghSwC80dD931zOAA71cf+xppCTEhcr4eT18C6BJkBGf/DjTw==",
      "license": "MIT",
      "dependencies": {
        "@codexteam/icons": "^0.3.0"
      }
    },
    "node_modules/@editorjs/checklist/node_modules/@codexteam/icons": {
      "version": "0.3.0",
      "resolved": "https://registry.npmjs.org/@codexteam/icons/-/icons-0.3.0.tgz",
      "integrity": "sha512-fJE9dfFdgq8xU+sbsxjH0Kt8Yeatw9xHBJWb77DhRkEXz3OCoIS6hrRC1ewHEryxzIjxD8IyQrRq2f+Gz3BcmA==",
      "license": "MIT"
    },
    "node_modules/@editorjs/code": {
      "version": "2.8.0",
      "resolved": "https://registry.npmjs.org/@editorjs/code/-/code-2.8.0.tgz",
      "integrity": "sha512-qlv1OqSEPKnLv/ZQgNFmVgqsMbGDkh/qgTEnbVWsS+yujo1nlwgVkqCB8tOkQGVsrpmAYLiWRlA413nKxxCN5w==",
      "license": "MIT",
      "dependencies": {
        "@codexteam/icons": "^0.0.5"
      }
    },
    "node_modules/@editorjs/editorjs": {
      "version": "2.28.0",
      "resolved": "https://registry.npmjs.org/@editorjs/editorjs/-/editorjs-2.28.0.tgz",
      "integrity": "sha512-v0KxSoX4MSZR5HyEbCo0vBri+qdThasABH9u1O1wC3ZxNMO7FiPJ580rp6uTPeFSDSQBmOL3VmRm7ZMfI3iKAg==",
      "license": "Apache-2.0"
    },
    "node_modules/@editorjs/header": {
      "version": "2.7.0",
      "resolved": "https://registry.npmjs.org/@editorjs/header/-/header-2.7.0.tgz",
      "integrity": "sha512-4fGKGe2ZYblVqR/P/iw5ieG00uXInFgNMftBMqJRYcB2hUPD30kuu7Sn6eJDcLXoKUMOeqi8Z2AlUxYAmvw7zQ==",
      "license": "MIT",
      "dependencies": {
        "@codexteam/icons": "^0.0.5"
      }
    },
    "node_modules/@editorjs/list": {
      "version": "1.8.0",
      "resolved": "https://registry.npmjs.org/@editorjs/list/-/list-1.8.0.tgz",
      "integrity": "sha512-Vq6cjyTXBzgegYv/MtTfuDdiz59yGhDEc/yAVXr6lmvoWAFs9cJ4TLuh4/9SbrbhIptcQLDvUjMDKmRrV6v2NQ==",
      "license": "MIT",
      "dependencies": {
        "@codexteam/icons": "^0.0.4"
      }
    },
    "node_modules/@editorjs/list/node_modules/@codexteam/icons": {
      "version": "0.0.4",
      "resolved": "https://registry.npmjs.org/@codexteam/icons/-/icons-0.0.4.tgz",
      "integrity": "sha512-V8N/TY2TGyas4wLrPIFq7bcow68b3gu8DfDt1+rrHPtXxcexadKauRJL6eQgfG7Z0LCrN4boLRawR4S9gjIh/Q==",
      "license": "MIT"
    },
    "node_modules/@editorjs/quote": {
      "version": "2.5.0",
      "resolved": "https://registry.npmjs.org/@editorjs/quote/-/quote-2.5.0.tgz",
      "integrity": "sha512-24Mu8cESaj34a0kg1Enj7qiZ3yiCOsZI59+8xpfXLO/NkO7hBYWNForVcBy5yIWs/VLlEZK11FP37f/mHrKugQ==",
      "license": "MIT",
      "dependencies": {
        "@codexteam/icons": "^0.0.5"
      }
    },
    "node_modules/@editorjs/table": {
      "version": "2.2.2",
      "resolved": "https://registry.npmjs.org/@editorjs/table/-/table-2.2.2.tgz",
      "integrity": "sha512-MfCGaEl3c+k+//WriVbtLTLfVzuD2gcyovf3/wIevkQ35vAJEVnimj+bTPWJqBtiHsKUVd4yXvk5QH5xRWOybg==",
      "license": "MIT",
      "dependencies": {
        "@codexteam/icons": "^0.0.6"
      }
    },
    "node_modules/@editorjs/table/node_modules/@codexteam/icons": {
      "version": "0.0.6",
      "resolved": "https://registry.npmjs.org/@codexteam/icons/-/icons-0.0.6.tgz",
      "integrity": "sha512-L7Q5PET8PjKcBT5wp7VR+FCjwCi5PUp7rd/XjsgQ0CI5FJz0DphyHGRILMuDUdCW2MQT9NHbVr4QP31vwAkS/A==",
      "license": "MIT"
    },
    "node_modules/@esbuild/linux-x64": {
      "version": "0.18.20",
      "resolved": "https://registry.npmjs.org/@esbuild/linux-x64/-/linux-x64-0.18.20.tgz",
      "integrity": "sha512-UYqiqemphJcNsFEskc73jQ7B9jgwjWrSayxawS6UVFZGWrAAtkzjxSqnoclCXxWtfwLdzU+vTpcNYhpn43uP1w==",
      "cpu": [
        "x64"
      ],
      "dev": true,
      "license": "MIT",
      "optional": true,
      "os": [
        "linux"
      ],
      "engines": {
        "node": ">=12"
      }
    },
    "node_modules/editorjs-text-color-plugin": {
      "version": "2.0.4",
      "resolved": "https://registry.npmjs.org/editorjs-text-color-plugin/-/editorjs-text-color-plugin-2.0.4.tgz",
      "integrity": "sha512-QpibTkOxs3ndlKNOLT8ZlC4ktc3/eKIajiLO0Jm/hh9AJug/CrM1/rAvHy+ldfUKavbWeI+YZvgjad0YTyoyGw==",
      "dev": true
    },
    "node_modules/esbuild": {
      "version": "0.18.20",
      "resolved": "https://registry.npmjs.org/esbuild/-/esbuild-0.18.20.tgz",
      "integrity": "sha512-ceqxoedUrcayh7Y7ZX6NdbbDzGROiyVBgC4PriJThBKSVPWnnFHZAkfI1lJT8QFkOwH4qOS2SJkS4wvpGl8BpA==",
      "dev": true,
      "hasInstallScript": true,
      "license": "MIT",
      "bin": {
        "esbuild": "bin/esbuild"
      },
      "engines": {
        "node": ">=12"
      },
      "optionalDependencies": {
        "@esbuild/android-arm": "0.18.20",
        "@esbuild/android-arm64": "0.18.20",
        "@esbuild/android-x64": "0.18.20",
        "@esbuild/darwin-arm64": "0.18.20",
        "@esbuild/darwin-x64": "0.18.20",
        "@esbuild/freebsd-arm64": "0.18.20",
        "@esbuild/freebsd-x64": "0.18.20",
        "@esbuild/linux-arm": "0.18.20",
        "@esbuild/linux-arm64": "0.18.20",
        "@esbuild/linux-ia32": "0.18.20",
        "@esbuild/linux-loong64": "0.18.20",
        "@esbuild/linux-mips64el": "0.18.20",
        "@esbuild/linux-ppc64": "0.18.20",
        "@esbuild/linux-riscv64": "0.18.20",
        "@esbuild/linux-s390x": "0.18.20",
        "@esbuild/linux-x64": "0.18.20",
        "@esbuild/netbsd-x64": "0.18.20",
        "@esbuild/openbsd-x64": "0.18.20",
        "@esbuild/sunos-x64": "0.18.20",
        "@esbuild/win32-arm64": "0.18.20",
        "@esbuild/win32-ia32": "0.18.20",
        "@esbuild/win32-x64": "0.18.20"
      }
    },
    "node_modules/nanoid": {
      "version": "3.3.6",
      "resolved": "https://registry.npmjs.org/nanoid/-/nanoid-3.3.6.tgz",
      "integrity": "sha512-BGcqMMJuToF7i1rt+2PWSNVnWIkGCU78jBG3RxO/bZlnZPK2Cmi2QaffxGO/2RvWi9sL+FAiRiXMgsyxQ1DIDA==",
      "dev": true,
      "funding": [
        {
          "type": "github",
          "url": "https://github.com/sponsors/ai"
        }
      ],
      "license": "MIT",
      "bin": {
        "nanoid": "bin/nanoid.cjs"
      },
      "engines": {
        "node": "^10 || ^12 || ^13.7 || ^14 || >=15.0.1"
      }
    },
    "node_modules/picocolors": {
      "version": "1.0.0",
      "resolved": "https://registry.npmjs.org/picocolors/-/picocolors-1.0.0.tgz",
      "integrity": "sha512-1fygroTLlHu66zi26VoTDv8yRgm0Fccecssto+MhsZ0D/DGW2sm8E8AjW7NU5VVTRt5GxbeZ5qBuJr+HyLYkjQ==",
      "dev": true,
      "license": "ISC"
    },
    "node_modules/postcss": {
      "version": "8.4.28",
      "resolved": "https://registry.npmjs.org/postcss/-/postcss-8.4.28.tgz",
      "integrity": "sha512-Z7V5j0cq8oEKyejIKfpD8b4eBy9cwW2JWPk0+fB1HOAMsfHbnAXLLS+PfVWlzMSLQaWttKDt607I0XHmpE67Vw==",
      "dev": true,
      "funding": [
        {
          "type": "opencollective",
          "url": "https://opencollective.com/postcss/"
        },
        {
          "type": "tidelift",
          "url": "https://tidelift.com/funding/github/npm/postcss"
        },
        {
          "type": "github",
          "url": "https://github.com/sponsors/ai"
        }
      ],
      "license": "MIT",
      "dependencies": {
        "nanoid": "^3.3.6",
        "picocolors": "^1.0.0",
        "source-map-js": "^1.0.2"
      },
      "engines": {
        "node": "^10 || ^12 || >=14"
      }
    },
    "node_modules/rollup": {
      "version": "3.28.1",
      "resolved": "https://registry.npmjs.org/rollup/-/rollup-3.28.1.tgz",
      "integrity": "sha512-R9OMQmIHJm9znrU3m3cpE8uhN0fGdXiawME7aZIpQqvpS/85+Vt1Hq1/yVIcYfOmaQiHjvXkQAoJukvLpau6Yw==",
      "dev": true,
      "license": "MIT",
      "bin": {
        "rollup": "dist/bin/rollup"
      },
      "engines": {
        "node": ">=14.18.0",
        "npm": ">=8.0.0"
      },
      "optionalDependencies": {
        "fsevents": "~2.3.2"
      }
    },
    "node_modules/source-map-js": {
      "version": "1.0.2",
      "resolved": "https://registry.npmjs.org/source-map-js/-/source-map-js-1.0.2.tgz",
      "integrity": "sha512-R0XvVJ9WusLiqTCEiGCmICCMplcCkIwwR11mOSD9CR5u+IXYdiseeEuXCVAjS54zqwkLcPNnmU4OeJ6tUrWhDw==",
      "dev": true,
      "license": "BSD-3-Clause",
      "engines": {
        "node": ">=0.10.0"
      }
    },
    "node_modules/vite": {
      "version": "4.4.9",
      "resolved": "https://registry.npmjs.org/vite/-/vite-4.4.9.tgz",
      "integrity": "sha512-2mbUn2LlUmNASWwSCNSJ/EG2HuSRTnVNaydp6vMCm5VIqJsjMfbIWtbH2kDuwUVW5mMUKKZvGPX/rqeqVvv1XA==",
      "dev": true,
      "license": "MIT",
      "dependencies": {
        "esbuild": "^0.18.10",
        "postcss": "^8.4.27",
        "rollup": "^3.27.1"
      },
      "bin": {
        "vite": "bin/vite.js"
      },
      "engines": {
        "node": "^14.18.0 || >=16.0.0"
      },
      "funding": {
        "url": "https://github.com/vitejs/vite?sponsor=1"
      },
      "optionalDependencies": {
        "fsevents": "~2.3.2"
      },
      "peerDependencies": {
        "@types/node": ">= 14",
        "less": "*",
        "lightningcss": "^1.21.0",
        "sass": "*",
        "stylus": "*",
        "sugarss": "*",
        "terser": "^5.4.0"
      },
      "peerDependenciesMeta": {
        "@types/node": {
          "optional": true
        },
        "less": {
          "optional": true
        },
        "lightningcss": {
          "optional": true
        },
        "sass": {
          "optional": true
        },
        "stylus": {
          "optional": true
        },
        "sugarss": {
          "optional": true
        },
        "terser": {
          "optional": true
        }
      }
    }
  },
  "dependencies": {
    "@codexteam/icons": {
      "version": "0.0.5",
      "resolved": "https://registry.npmjs.org/@codexteam/icons/-/icons-0.0.5.tgz",
      "integrity": "sha512-s6H2KXhLz2rgbMZSkRm8dsMJvyUNZsEjxobBEg9ztdrb1B2H3pEzY6iTwI4XUPJWJ3c3qRKwV4TrO3J5jUdoQA=="
    },
    "@editorjs/checklist": {
      "version": "1.5.0",
      "resolved": "https://registry.npmjs.org/@editorjs/checklist/-/checklist-1.5.0.tgz",
      "integrity": "sha512-2QUKDvLmtOFDaQLX6C+D9A4hIGBhsYwZW+60fOghSwC80dD931zOAA71cf+xppCTEhcr4eT18C6BJkBGf/DjTw==",
      "requires": {
        "@codexteam/icons": "^0.3.0"
      },
      "dependencies": {
        "@codexteam/icons": {
          "version": "0.3.0",
          "resolved": "https://registry.npmjs.org/@codexteam/icons/-/icons-0.3.0.tgz",
          "integrity": "sha512-fJE9dfFdgq8xU+sbsxjH0Kt8Yeatw9xHBJWb77DhRkEXz3OCoIS6hrRC1ewHEryxzIjxD8IyQrRq2f+Gz3BcmA=="
        }
      }
    },
    "@editorjs/code": {
      "version": "2.8.0",
      "resolved": "https://registry.npmjs.org/@editorjs/code/-/code-2.8.0.tgz",
      "integrity": "sha512-qlv1OqSEPKnLv/ZQgNFmVgqsMbGDkh/qgTEnbVWsS+yujo1nlwgVkqCB8tOkQGVsrpmAYLiWRlA413nKxxCN5w==",
      "requires": {
        "@codexteam/icons": "^0.0.5"
      }
    },
    "@editorjs/editorjs": {
      "version": "2.28.0",
      "resolved": "https://registry.npmjs.org/@editorjs/editorjs/-/editorjs-2.28.0.tgz",
      "integrity": "sha512-v0KxSoX4MSZR5HyEbCo0vBri+qdThasABH9u1O1wC3ZxNMO7FiPJ580rp6uTPeFSDSQBmOL3VmRm7ZMfI3iKAg=="
    },
    "@editorjs/header": {
      "version": "2.7.0",
      "resolved": "https://registry.npmjs.org/@editorjs/header/-/header-2.7.0.tgz",
      "integrity": "sha512-4fGKGe2ZYblVqR/P/iw5ieG00uXInFgNMftBMqJRYcB2hUPD30kuu7Sn6eJDcLXoKUMOeqi8Z2AlUxYAmvw7zQ==",
      "requires": {
        "@codexteam/icons": "^0.0.5"
      }
    },
    "@editorjs/list": {
      "version": "1.8.0",
      "resolved": "https://registry.npmjs.org/@editorjs/list/-/list-1.8.0.tgz",
      "integrity": "sha512-Vq6cjyTXBzgegYv/MtTfuDdiz59yGhDEc/yAVXr6lmvoWAFs9cJ4TLuh4/9SbrbhIptcQLDvUjMDKmRrV6v2NQ==",
      "requires": {
        "@codexteam/icons": "^0.0.4"
      },
      "dependencies": {
        "@codexteam/icons": {
          "version": "0.0.4",
          "resolved": "https://registry.npmjs.org/@codexteam/icons/-/icons-0.0.4.tgz",
          "integrity": "sha512-V8N/TY2TGyas4wLrPIFq7bcow68b3gu8DfDt1+rrHPtXxcexadKauRJL6eQgfG7Z0LCrN4boLRawR4S9gjIh/Q=="
        }
      }
    },
    "@editorjs/quote": {
      "version": "2.5.0",
      "resolved": "https://registry.npmjs.org/@editorjs/quote/-/quote-2.5.0.tgz",
      "integrity": "sha512-24Mu8cESaj34a0kg1Enj7qiZ3yiCOsZI59+8xpfXLO/NkO7hBYWNForVcBy5yIWs/VLlEZK11FP37f/mHrKugQ==",
      "requires": {
        "@codexteam/icons": "^0.0.5"
      }
    },
    "@editorjs/table": {
      "version": "2.2.2",
      "resolved": "https://registry.npmjs.org/@editorjs/table/-/table-2.2.2.tgz",
      "integrity": "sha512-MfCGaEl3c+k+//WriVbtLTLfVzuD2gcyovf3/wIevkQ35vAJEVnimj+bTPWJqBtiHsKUVd4yXvk5QH5xRWOybg==",
      "requires": {
        "@codexteam/icons": "^0.0.6"
      },
      "dependencies": {
        "@codexteam/icons": {
          "version": "0.0.6",
          "resolved": "https://registry.npmjs.org/@codexteam/icons/-/icons-0.0.6.tgz",
          "integrity": "sha512-L7Q5PET8PjKcBT5wp7VR+FCjwCi5PUp7rd/XjsgQ0CI5FJz0DphyHGRILMuDUdCW2MQT9NHbVr4QP31vwAkS/A=="
        }
      }
    },
    "@esbuild/linux-x64": {
      "version": "0.18.20",
      "resolved": "https://registry.npmjs.org/@esbuild/linux-x64/-/linux-x64-0.18.20.tgz",
      "integrity": "sha512-UYqiqemphJcNsFEskc73jQ7B9jgwjWrSayxawS6UVFZGWrAAtkzjxSqnoclCXxWtfwLdzU+vTpcNYhpn43uP1w==",
      "dev": true,
      "optional": true
    },
    "editorjs-text-color-plugin": {
      "version": "2.0.4",
      "resolved": "https://registry.npmjs.org/editorjs-text-color-plugin/-/editorjs-text-color-plugin-2.0.4.tgz",
      "integrity": "sha512-QpibTkOxs3ndlKNOLT8ZlC4ktc3/eKIajiLO0Jm/hh9AJug/CrM1/rAvHy+ldfUKavbWeI+YZvgjad0YTyoyGw==",
      "dev": true
    },
    "esbuild": {
      "version": "0.18.20",
      "resolved": "https://registry.npmjs.org/esbuild/-/esbuild-0.18.20.tgz",
      "integrity": "sha512-ceqxoedUrcayh7Y7ZX6NdbbDzGROiyVBgC4PriJThBKSVPWnnFHZAkfI1lJT8QFkOwH4qOS2SJkS4wvpGl8BpA==",
      "dev": true,
      "requires": {
        "@esbuild/android-arm": "0.18.20",
        "@esbuild/android-arm64": "0.18.20",
        "@esbuild/android-x64": "0.18.20",
        "@esbuild/darwin-arm64": "0.18.20",
        "@esbuild/darwin-x64": "0.18.20",
        "@esbuild/freebsd-arm64": "0.18.20",
        "@esbuild/freebsd-x64": "0.18.20",
        "@esbuild/linux-arm": "0.18.20",
        "@esbuild/linux-arm64": "0.18.20",
        "@esbuild/linux-ia32": "0.18.20",
        "@esbuild/linux-loong64": "0.18.20",
        "@esbuild/linux-mips64el": "0.18.20",
        "@esbuild/linux-ppc64": "0.18.20",
        "@esbuild/linux-riscv64": "0.18.20",
        "@esbuild/linux-s390x": "0.18.20",
        "@esbuild/linux-x64": "0.18.20",
        "@esbuild/netbsd-x64": "0.18.20",
        "@esbuild/openbsd-x64": "0.18.20",
        "@esbuild/sunos-x64": "0.18.20",
        "@esbuild/win32-arm64": "0.18.20",
        "@esbuild/win32-ia32": "0.18.20",
        "@esbuild/win32-x64": "0.18.20"
      }
    },
    "nanoid": {
      "version": "3.3.6",
      "resolved": "https://registry.npmjs.org/nanoid/-/nanoid-3.3.6.tgz",
      "integrity": "sha512-BGcqMMJuToF7i1rt+2PWSNVnWIkGCU78jBG3RxO/bZlnZPK2Cmi2QaffxGO/2RvWi9sL+FAiRiXMgsyxQ1DIDA==",
      "dev": true
    },
    "picocolors": {
      "version": "1.0.0",
      "resolved": "https://registry.npmjs.org/picocolors/-/picocolors-1.0.0.tgz",
      "integrity": "sha512-1fygroTLlHu66zi26VoTDv8yRgm0Fccecssto+MhsZ0D/DGW2sm8E8AjW7NU5VVTRt5GxbeZ5qBuJr+HyLYkjQ==",
      "dev": true
    },
    "postcss": {
      "version": "8.4.28",
      "resolved": "https://registry.npmjs.org/postcss/-/postcss-8.4.28.tgz",
      "integrity": "sha512-Z7V5j0cq8oEKyejIKfpD8b4eBy9cwW2JWPk0+fB1HOAMsfHbnAXLLS+PfVWlzMSLQaWttKDt607I0XHmpE67Vw==",
      "dev": true,
      "requires": {
        "nanoid": "^3.3.6",
        "picocolors": "^1.0.0",
        "source-map-js": "^1.0.2"
      }
    },
    "rollup": {
      "version": "3.28.1",
      "resolved": "https://registry.npmjs.org/rollup/-/rollup-3.28.1.tgz",
      "integrity": "sha512-R9OMQmIHJm9znrU3m3cpE8uhN0fGdXiawME7aZIpQqvpS/85+Vt1Hq1/yVIcYfOmaQiHjvXkQAoJukvLpau6Yw==",
      "dev": true,
      "requires": {
        "fsevents": "~2.3.2"
      }
    },
    "source-map-js": {
      "version": "1.0.2",
      "resolved": "https://registry.npmjs.org/source-map-js/-/source-map-js-1.0.2.tgz",
      "integrity": "sha512-R0XvVJ9WusLiqTCEiGCmICCMplcCkIwwR11mOSD9CR5u+IXYdiseeEuXCVAjS54zqwkLcPNnmU4OeJ6tUrWhDw==",
      "dev": true
    },
    "vite": {
      "version": "4.4.9",
      "resolved": "https://registry.npmjs.org/vite/-/vite-4.4.9.tgz",
      "integrity": "sha512-2mbUn2LlUmNASWwSCNSJ/EG2HuSRTnVNaydp6vMCm5VIqJsjMfbIWtbH2kDuwUVW5mMUKKZvGPX/rqeqVvv1XA==",
      "dev": true,
      "requires": {
        "esbuild": "^0.18.10",
        "fsevents": "~2.3.2",
        "postcss": "^8.4.27",
        "rollup": "^3.27.1"
      }
    }
  }
}
